{
  "name": "palworld-rcon",
  "version": "1.0.0",
  "lockfileVersion": 2,
  "requires": true,
  "packages": {
    "": {
      "name": "palworld-rcon",
      "version": "1.0.0",
      "license": "ISC",
      "dependencies": {
        "rcon-client": "^4.2.4",
        "systeminformation": "^5.21.24"
      }
    },
    "node_modules/rcon-client": {
      "version": "4.2.4",
      "resolved": "https://registry.npmmirror.com/rcon-client/-/rcon-client-4.2.4.tgz",
      "integrity": "sha512-sTHYLbcu2qrrOX4TOD3rvcLZNs7xiAhTsnZZIvxviSpa0yeV63sPAVI0PeScn5IvhKOCMURGt1NmnQ8h/GxjtA==",
      "dependencies": {
        "typed-emitter": "^0.1.0"
      }
    },
    "node_modules/systeminformation": {
      "version": "5.21.24",
      "resolved": "https://registry.npmmirror.com/systeminformation/-/systeminformation-5.21.24.tgz",
      "integrity": "sha512-xQada8ByGGFoRXJaUptGgddn3i7IjtSdqNdCKzB8xkzsM7pHnfLYBWxkPdGzhZ0Z/l+W1yo+aZQZ74d2isj8kw==",
      "os": [
        "darwin",
        "linux",
        "win32",
        "freebsd",
        "openbsd",
        "netbsd",
        "sunos",
        "android"
      ],
      "bin": {
        "systeminformation": "lib/cli.js"
      },
      "engines": {
        "node": ">=8.0.0"
      }
    },
    "node_modules/typed-emitter": {
      "version": "0.1.0",
      "resolved": "https://registry.npmmirror.com/typed-emitter/-/typed-emitter-0.1.0.tgz",
      "integrity": "sha512-Tfay0l6gJMP5rkil8CzGbLthukn+9BN/VXWcABVFPjOoelJ+koW8BuPZYk+h/L+lEeIp1fSzVRiWRPIjKVjPdg=="
    }
  },
  "dependencies": {
    "rcon-client": {
      "version": "4.2.4",
      "resolved": "https://registry.npmmirror.com/rcon-client/-/rcon-client-4.2.4.tgz",
      "integrity": "sha512-sTHYLbcu2qrrOX4TOD3rvcLZNs7xiAhTsnZZIvxviSpa0yeV63sPAVI0PeScn5IvhKOCMURGt1NmnQ8h/GxjtA==",
      "requires": {
        "typed-emitter": "^0.1.0"
      }
    },
    "systeminformation": {
      "version": "5.21.24",
      "resolved": "https://registry.npmmirror.com/systeminformation/-/systeminformation-5.21.24.tgz",
      "integrity": "sha512-xQada8ByGGFoRXJaUptGgddn3i7IjtSdqNdCKzB8xkzsM7pHnfLYBWxkPdGzhZ0Z/l+W1yo+aZQZ74d2isj8kw=="
    },
    "typed-emitter": {
      "version": "0.1.0",
      "resolved": "https://registry.npmmirror.com/typed-emitter/-/typed-emitter-0.1.0.tgz",
      "integrity": "sha512-Tfay0l6gJMP5rkil8CzGbLthukn+9BN/VXWcABVFPjOoelJ+koW8BuPZYk+h/L+lEeIp1fSzVRiWRPIjKVjPdg=="
    }
  }
}
